// !$*UTF8*$!
{
	archiveVersion = 1;
	classes = {
	};
	objectVersion = 48;
	objects = {

/* Begin PBXBuildFile section */
		576EA7F01FA320D90012AAE7 /* AppDelegate.swift in Sources */ = {isa = PBXBuildFile; fileRef = 576EA7EF1FA320D90012AAE7 /* AppDelegate.swift */; };
		576EA7F21FA320D90012AAE7 /* ViewController.swift in Sources */ = {isa = PBXBuildFile; fileRef = 576EA7F11FA320D90012AAE7 /* ViewController.swift */; };
		576EA7F51FA320D90012AAE7 /* Main.storyboard in Resources */ = {isa = PBXBuildFile; fileRef = 576EA7F31FA320D90012AAE7 /* Main.storyboard */; };
		576EA7F71FA320D90012AAE7 /* Assets.xcassets in Resources */ = {isa = PBXBuildFile; fileRef = 576EA7F61FA320D90012AAE7 /* Assets.xcassets */; };
		576EA7FA1FA320D90012AAE7 /* LaunchScreen.storyboard in Resources */ = {isa = PBXBuildFile; fileRef = 576EA7F81FA320D90012AAE7 /* LaunchScreen.storyboard */; };
/* End PBXBuildFile section */

/* Begin PBXFileReference section */
		576EA7EC1FA320D90012AAE7 /* IrisModelPredication.app */ = {isa = PBXFileReference; explicitFileType = wrapper.application; includeInIndex = 0; path = IrisModelPredication.app; sourceTree = BUILT_PRODUCTS_DIR; };
		576EA7EF1FA320D90012AAE7 /* AppDelegate.swift */ = {isa = PBXFileReference; lastKnownFileType = sourcecode.swift; path = AppDelegate.swift; sourceTree = "<group>"; };
		576EA7F11FA320D90012AAE7 /* ViewController.swift */ = {isa = PBXFileReference; lastKnownFileType = sourcecode.swift; path = ViewController.swift; sourceTree = "<group>"; };
		576EA7F41FA320D90012AAE7 /* Base */ = {isa = PBXFileReference; lastKnownFileType = file.storyboard; name = Base; path = Base.lproj/Main.storyboard; sourceTree = "<group>"; };
		576EA7F61FA320D90012AAE7 /* Assets.xcassets */ = {isa = PBXFileReference; lastKnownFileType = folder.assetcatalog; path = Assets.xcassets; sourceTree = "<group>"; };
		576EA7F91FA320D90012AAE7 /* Base */ = {isa = PBXFileReference; lastKnownFileType = file.storyboard; name = Base; path = Base.lproj/LaunchScreen.storyboard; sourceTree = "<group>"; };
		576EA7FB1FA320D90012AAE7 /* Info.plist */ = {isa = PBXFileReference; lastKnownFileType = text.plist.xml; path = Info.plist; sourceTree = "<group>"; };
/* End PBXFileReference section */

/* Begin PBXFrameworksBuildPhase section */
		576EA7E91FA320D90012AAE7 /* Frameworks */ = {
			isa = PBXFrameworksBuildPhase;
			buildActionMask = 2147483647;
			files = (
			);
			runOnlyForDeploymentPostprocessing = 0;
		};
/* End PBXFrameworksBuildPhase section */

/* Begin PBXGroup section */
		576EA7E31FA320D90012AAE7 = {
			isa = PBXGroup;
			children = (
				576EA7EE1FA320D90012AAE7 /* IrisModelPredication */,
				576EA7ED1FA320D90012AAE7 /* Products */,
			);
			sourceTree = "<group>";
		};
		576EA7ED1FA320D90012AAE7 /* Products */ = {
			isa = PBXGroup;
			children = (
				576EA7EC1FA320D90012AAE7 /* IrisModelPredication.app */,
			);
			name = Products;
			sourceTree = "<group>";
		};
		576EA7EE1FA320D90012AAE7 /* IrisModelPredication */ = {
			isa = PBXGroup;
			children = (
				576EA7EF1FA320D90012AAE7 /* AppDelegate.swift */,
				576EA7F11FA320D90012AAE7 /* ViewController.swift */,
				576EA7F31FA320D90012AAE7 /* Main.storyboard */,
				576EA7F61FA320D90012AAE7 /* Assets.xcassets */,
				576EA7F81FA320D90012AAE7 /* LaunchScreen.storyboard */,
				576EA7FB1FA320D90012AAE7 /* Info.plist */,
			);
			path = IrisModelPredication;
			sourceTree = "<group>";
		};
/* End PBXGroup section */

/* Begin PBXNativeTarget section */
		576EA7EB1FA320D90012AAE7 /* IrisModelPredication */ = {
			isa = PBXNativeTarget;
			buildConfigurationList = 576EA7FE1FA320D90012AAE7 /* Build configuration list for PBXNativeTarget "IrisModelPredication" */;
			buildPhases = (
				576EA7E81FA320D90012AAE7 /* Sources */,
				576EA7E91FA320D90012AAE7 /* Frameworks */,
				576EA7EA1FA320D90012AAE7 /* Resources */,
			);
			buildRules = (
			);
			dependencies = (
			);
			name = IrisModelPredication;
			productName = IrisModelPredication;
			productReference = 576EA7EC1FA320D90012AAE7 /* IrisModelPredication.app */;
			productType = "com.apple.product-type.application";
		};
/* End PBXNativeTarget section */

/* Begin PBXProject section */
		576EA7E41FA320D90012AAE7 /* Project object */ = {
			isa = PBXProject;
			attributes = {
				LastSwiftUpdateCheck = 0900;
				LastUpgradeCheck = 0900;
				ORGANIZATIONNAME = Lvmama;
				TargetAttributes = {
					576EA7EB1FA320D90012AAE7 = {
						CreatedOnToolsVersion = 9.0;
						ProvisioningStyle = Automatic;
					};
				};
			};
			buildConfigurationList = 576EA7E71FA320D90012AAE7 /* Build configuration list for PBXProject "IrisModelPredication" */;
			compatibilityVersion = "Xcode 8.0";
			developmentRegion = en;
			hasScannedForEncodings = 0;
			knownRegions = (
				en,
				Base,
			);
			mainGroup = 576EA7E31FA320D90012AAE7;
			productRefGroup = 576EA7ED1FA320D90012AAE7 /* Products */;
			projectDirPath = "";
			projectRoot = "";
			targets = (
				576EA7EB1FA320D90012AAE7 /* IrisModelPredication */,
			);
		};
/* End PBXProject section */

/* Begin PBXResourcesBuildPhase section */
		576EA7EA1FA320D90012AAE7 /* Resources */ = {
			isa = PBXResourcesBuildPhase;
			buildActionMask = 2147483647;
			files = (
				576EA7FA1FA320D90012AAE7 /* LaunchScreen.storyboard in Resources */,
				576EA7F71FA320D90012AAE7 /* Assets.xcassets in Resources */,
				576EA7F51FA320D90012AAE7 /* Main.storyboard in Resources */,
			);
			runOnlyForDeploymentPostprocessing = 0;
		};
/* End PBXResourcesBuildPhase section */

/* Begin PBXSourcesBuildPhase section */
		576EA7E81FA320D90012AAE7 /* Sources */ = {
			isa = PBXSourcesBuildPhase;
			buildActionMask = 2147483647;
			files = (
				576EA7F21FA320D90012AAE7 /* ViewController.swift in Sources */,
				576EA7F01FA320D90012AAE7 /* AppDelegate.swift in Sources */,
			);
			runOnlyForDeploymentPostprocessing = 0;
		};
/* End PBXSourcesBuildPhase section */

/* Begin PBXVariantGroup section */
		576EA7F31FA320D90012AAE7 /* Main.storyboard */ = {
			isa = PBXVariantGroup;
			children = (
				576EA7F41FA320D90012AAE7 /* Base */,
			);
			name = Main.storyboard;
			sourceTree = "<group>";
		};
		576EA7F81FA320D90012AAE7 /* LaunchScreen.storyboard */ = {
			isa = PBXVariantGroup;
			children = (
				576EA7F91FA320D90012AAE7 /* Base */,
			);
			name = LaunchScreen.storyboard;
			sourceTree = "<group>";
		};
/* End PBXVariantGroup section */

/* Begin XCBuildConfiguration section */
		576EA7FC1FA320D90012AAE7 /* Debug */ = {
			isa = XCBuildConfiguration;
			buildSettings = {
				ALWAYS_SEARCH_USER_PATHS = NO;
				CLANG_ANALYZER_NONNULL = YES;
				CLANG_ANALYZER_NUMBER_OBJECT_CONVERSION = YES_AGGRESSIVE;
				CLANG_CXX_LANGUAGE_STANDARD = "gnu++14";
				CLANG_CXX_LIBRARY = "libc++";
				CLANG_ENABLE_MODULES = YES;
				CLANG_ENABLE_OBJC_ARC = YES;
				CLANG_WARN_BLOCK_CAPTURE_AUTORELEASING = YES;
				CLANG_WARN_BOOL_CONVERSION = YES;
				CLANG_WARN_COMMA = YES;
				CLANG_WARN_CONSTANT_CONVERSION = YES;
				CLANG_WARN_DIRECT_OBJC_ISA_USAGE = YES_ERROR;
				CLANG_WARN_DOCUMENTATION_COMMENTS = YES;
				CLANG_WARN_EMPTY_BODY = YES;
				CLANG_WARN_ENUM_CONVERSION = YES;
				CLANG_WARN_INFINITE_RECURSION = YES;
				CLANG_WARN_INT_CONVERSION = YES;
				CLANG_WARN_NON_LITERAL_NULL_CONVERSION = YES;
				CLANG_WARN_OBJC_LITERAL_CONVERSION = YES;
				CLANG_WARN_OBJC_ROOT_CLASS = YES_ERROR;
				CLANG_WARN_RANGE_LOOP_ANALYSIS = YES;
				CLANG_WARN_STRICT_PROTOTYPES = YES;
				CLANG_WARN_SUSPICIOUS_MOVE = YES;
				CLANG_WARN_UNGUARDED_AVAILABILITY = YES_AGGRESSIVE;
				CLANG_WARN_UNREACHABLE_CODE = YES;
				CLANG_WARN__DUPLICATE_METHOD_MATCH = YES;
				CODE_SIGN_IDENTITY = "iPhone Developer";
				COPY_PHASE_STRIP = NO;
				DEBUG_INFORMATION_FORMAT = dwarf;
				ENABLE_STRICT_OBJC_MSGSEND = YES;
				ENABLE_TESTABILITY = YES;
				GCC_C_LANGUAGE_STANDARD = gnu11;
				GCC_DYNAMIC_NO_PIC = NO;
				GCC_NO_COMMON_BLOCKS = YES;
				GCC_OPTIMIZATION_LEVEL = 0;
				GCC_PREPROCESSOR_DEFINITIONS = (
					"DEBUG=1",
					"$(inherited)",
				);
				GCC_WARN_64_TO_32_BIT_CONVERSION = YES;
				GCC_WARN_ABOUT_RETURN_TYPE = YES_ERROR;
				GCC_WARN_UNDECLARED_SELECTOR = YES;
				GCC_WARN_UNINITIALIZED_AUTOS = YES_AGGRESSIVE;
				GCC_WARN_UNUSED_FUNCTION = YES;
				GCC_WARN_UNUSED_VARIABLE = YES;
				IPHONEOS_DEPLOYMENT_TARGET = 11.0;
				MTL_ENABLE_DEBUG_INFO = YES;
				ONLY_ACTIVE_ARCH = YES;
				SDKROOT = iphoneos;
				SWIFT_ACTIVE_COMPILATION_CONDITIONS = DEBUG;
				SWIFT_OPTIMIZATION_LEVEL = "-Onone";
			};
			name = Debug;
		};
		576EA7FD1FA320D90012AAE7 /* Release */ = {
			isa = XCBuildConfiguration;
			buildSettings = {
				ALWAYS_SEARCH_USER_PATHS = NO;
				CLANG_ANALYZER_NONNULL = YES;
				CLANG_ANALYZER_NUMBER_OBJECT_CONVERSION = YES_AGGRESSIVE;
				CLANG_CXX_LANGUAGE_STANDARD = "gnu++14";
				CLANG_CXX_LIBRARY = "libc++";
				CLANG_ENABLE_MODULES = YES;
				CLANG_ENABLE_OBJC_ARC = YES;
				CLANG_WARN_BLOCK_CAPTURE_AUTORELEASING = YES;
				CLANG_WARN_BOOL_CONVERSION = YES;
				CLANG_WARN_COMMA = YES;
				CLANG_WARN_CONSTANT_CONVERSION = YES;
				CLANG_WARN_DIRECT_OBJC_ISA_USAGE = YES_ERROR;
				CLANG_WARN_DOCUMENTATION_COMMENTS = YES;
				CLANG_WARN_EMPTY_BODY = YES;
				CLANG_WARN_ENUM_CONVERSION = YES;
				CLANG_WARN_INFINITE_RECURSION = YES;
				CLANG_WARN_INT_CONVERSION = YES;
				CLANG_WARN_NON_LITERAL_NULL_CONVERSION = YES;
				CLANG_WARN_OBJC_LITERAL_CONVERSION = YES;
				CLANG_WARN_OBJC_ROOT_CLASS = YES_ERROR;
				CLANG_WARN_RANGE_LOOP_ANALYSIS = YES;
				CLANG_WARN_STRICT_PROTOTYPES = YES;
				CLANG_WARN_SUSPICIOUS_MOVE = YES;
				CLANG_WARN_UNGUARDED_AVAILABILITY = YES_AGGRESSIVE;
				CLANG_WARN_UNREACHABLE_CODE = YES;
				CLANG_WARN__DUPLICATE_METHOD_MATCH = YES;
				CODE_SIGN_IDENTITY = "iPhone Developer";
				COPY_PHASE_STRIP = NO;
				DEBUG_INFORMATION_FORMAT = "dwarf-with-dsym";
				ENABLE_NS_ASSERTIONS = NO;
				ENABLE_STRICT_OBJC_MSGSEND = YES;
				GCC_C_LANGUAGE_STANDARD = gnu11;
				GCC_NO_COMMON_BLOCKS = YES;
				GCC_WARN_64_TO_32_BIT_CONVERSION = YES;
				GCC_WARN_ABOUT_RETURN_TYPE = YES_ERROR;
				GCC_WARN_UNDECLARED_SELECTOR = YES;
				GCC_WARN_UNINITIALIZED_AUTOS = YES_AGGRESSIVE;
				GCC_WARN_UNUSED_FUNCTION = YES;
				GCC_WARN_UNUSED_VARIABLE = YES;
				IPHONEOS_DEPLOYMENT_TARGET = 11.0;
				MTL_ENABLE_DEBUG_INFO = NO;
				SDKROOT = iphoneos;
				SWIFT_OPTIMIZATION_LEVEL = "-Owholemodule";
				VALIDATE_PRODUCT = YES;
			};
			name = Release;
		};
		576EA7FF1FA320D90012AAE7 /* Debug */ = {
			isa = XCBuildConfiguration;
			buildSettings = {
				ASSETCATALOG_COMPILER_APPICON_NAME = AppIcon;
				CODE_SIGN_STYLE = Automatic;
				INFOPLIST_FILE = IrisModelPredication/Info.plist;
				LD_RUNPATH_SEARCH_PATHS = "$(inherited) @executable_path/Frameworks";
				PRODUCT_BUNDLE_IDENTIFIER = com.Lvmama.IrisModelPredication;
				PRODUCT_NAME = "$(TARGET_NAME)";
				SWIFT_VERSION = 4.0;
				TARGETED_DEVICE_FAMILY = "1,2";
			};
			name = Debug;
		};
		576EA8001FA320D90012AAE7 /* Release */ = {
			isa = XCBuildConfiguration;
			buildSettings = {
				ASSETCATALOG_COMPILER_APPICON_NAME = AppIcon;
				CODE_SIGN_STYLE = Automatic;
				INFOPLIST_FILE = IrisModelPredication/Info.plist;
				LD_RUNPATH_SEARCH_PATHS = "$(inherited) @executable_path/Frameworks";
				PRODUCT_BUNDLE_IDENTIFIER = com.Lvmama.IrisModelPredication;
				PRODUCT_NAME = "$(TARGET_NAME)";
				SWIFT_VERSION = 4.0;
				TARGETED_DEVICE_FAMILY = "1,2";
			};
			name = Release;
		};
/* End XCBuildConfiguration section */

/* Begin XCConfigurationList section */
		576EA7E71FA320D90012AAE7 /* Build configuration list for PBXProject "IrisModelPredication" */ = {
			isa = XCConfigurationList;
			buildConfigurations = (
				576EA7FC1FA320D90012AAE7 /* Debug */,
				576EA7FD1FA320D90012AAE7 /* Release */,
			);
			defaultConfigurationIsVisible = 0;
			defaultConfigurationName = Release;
		};
		576EA7FE1FA320D90012AAE7 /* Build configuration list for PBXNativeTarget "IrisModelPredication" */ = {
			isa = XCConfigurationList;
			buildConfigurations = (
				576EA7FF1FA320D90012AAE7 /* Debug */,
				576EA8001FA320D90012AAE7 /* Release */,
			);
			defaultConfigurationIsVisible = 0;
			defaultConfigurationName = Release;
		};
/* End XCConfigurationList section */
	};
	rootObject = 576EA7E41FA320D90012AAE7 /* Project object */;
}
